{
  "lockfileVersion": 1,
  "workspaces": {
    "": {
      "name": "polkadot-basic-notifications",
      "dependencies": {
        "@polkadot/api": "^15.8.1",
        "js-yaml": "^4.1.0",
        "matrix-js-sdk": "^37.1.0",
        "nodemailer": "^6.10.0",
        "openpgp": "^6.1.0",
        "telegraf": "^4.16.3",
        "ts-interface-checker": "^1.0.2",
        "winston": "^3.17.0",
        "yargs": "^17.7.2",
      },
      "devDependencies": {
        "@types/bun": "latest",
        "@types/js-yaml": "^4.0.9",
        "@types/yargs": "^17.0.33",
      },
      "peerDependencies": {
        "typescript": "^5.0.0",
      },
    },
  },
  "packages": {
    "@babel/runtime": ["@babel/runtime@7.27.0", "", { "dependencies": { "regenerator-runtime": "^0.14.0" } }, "sha512-VtPOkrdPHZsKc/clNqyi9WUA8TINkZ4cGk63UUE3u4pmB2k+ZMQRDuIOagv8UVd6j7k0T3+RRIb7beKTebNbcw=="],

    "@colors/colors": ["@colors/colors@1.6.0", "", {}, "sha512-Ir+AOibqzrIsL6ajt3Rz3LskB7OiMVHqltZmspbW/TJuTVuyOMirVqAkjfY6JISiLHgyNqicAC8AyHHGzNd/dA=="],

    "@dabh/diagnostics": ["@dabh/diagnostics@2.0.3", "", { "dependencies": { "colorspace": "1.1.x", "enabled": "2.0.x", "kuler": "^2.0.0" } }, "sha512-hrlQOIi7hAfzsMqlGSFyVucrx38O+j6wiGOf//H2ecvIEqYN4ADBSS2iLMh5UFyDunCNniUIPk/q3riFv45xRA=="],

    "@matrix-org/matrix-sdk-crypto-wasm": ["@matrix-org/matrix-sdk-crypto-wasm@14.0.1", "", {}, "sha512-CgLpHs6nTw5pjSsMBi9xbQnBXf2l8YhImQP9cv8nbGSCYdYjFI0FilMXffzjWV5HThpNHri/3pF20ahZtuS3VA=="],

    "@matrix-org/olm": ["@matrix-org/olm@3.2.15", "", {}, "sha512-S7lOrndAK9/8qOtaTq/WhttJC/o4GAzdfK0MUPpo8ApzsJEC0QjtwrkC3KBXdFP1cD1MXi/mlKR7aaoVMKgs6Q=="],

    "@noble/curves": ["@noble/curves@1.8.1", "", { "dependencies": { "@noble/hashes": "1.7.1" } }, "sha512-warwspo+UYUPep0Q+vtdVB4Ugn8GGQj8iyB3gnRWsztmUHTI3S1nhdiWNsPUGL0vud7JlRRk1XEu7Lq1KGTnMQ=="],

    "@noble/hashes": ["@noble/hashes@1.7.1", "", {}, "sha512-B8XBPsn4vT/KJAGqDzbwztd+6Yte3P4V7iafm24bxgDe/mlRuK6xmWPuCNrKt2vDafZ8MfJLlchDG/vYafQEjQ=="],

    "@polkadot-api/json-rpc-provider": ["@polkadot-api/json-rpc-provider@0.0.1", "", {}, "sha512-/SMC/l7foRjpykLTUTacIH05H3mr9ip8b5xxfwXlVezXrNVLp3Cv0GX6uItkKd+ZjzVPf3PFrDF2B2/HLSNESA=="],

    "@polkadot-api/json-rpc-provider-proxy": ["@polkadot-api/json-rpc-provider-proxy@0.1.0", "", {}, "sha512-8GSFE5+EF73MCuLQm8tjrbCqlgclcHBSRaswvXziJ0ZW7iw3UEMsKkkKvELayWyBuOPa2T5i1nj6gFOeIsqvrg=="],

    "@polkadot-api/metadata-builders": ["@polkadot-api/metadata-builders@0.3.2", "", { "dependencies": { "@polkadot-api/substrate-bindings": "0.6.0", "@polkadot-api/utils": "0.1.0" } }, "sha512-TKpfoT6vTb+513KDzMBTfCb/ORdgRnsS3TDFpOhAhZ08ikvK+hjHMt5plPiAX/OWkm1Wc9I3+K6W0hX5Ab7MVg=="],

    "@polkadot-api/observable-client": ["@polkadot-api/observable-client@0.3.2", "", { "dependencies": { "@polkadot-api/metadata-builders": "0.3.2", "@polkadot-api/substrate-bindings": "0.6.0", "@polkadot-api/utils": "0.1.0" }, "peerDependencies": { "@polkadot-api/substrate-client": "0.1.4", "rxjs": ">=7.8.0" } }, "sha512-HGgqWgEutVyOBXoGOPp4+IAq6CNdK/3MfQJmhCJb8YaJiaK4W6aRGrdQuQSTPHfERHCARt9BrOmEvTXAT257Ug=="],

    "@polkadot-api/substrate-bindings": ["@polkadot-api/substrate-bindings@0.6.0", "", { "dependencies": { "@noble/hashes": "^1.3.1", "@polkadot-api/utils": "0.1.0", "@scure/base": "^1.1.1", "scale-ts": "^1.6.0" } }, "sha512-lGuhE74NA1/PqdN7fKFdE5C1gNYX357j1tWzdlPXI0kQ7h3kN0zfxNOpPUN7dIrPcOFZ6C0tRRVrBylXkI6xPw=="],

    "@polkadot-api/substrate-client": ["@polkadot-api/substrate-client@0.1.4", "", { "dependencies": { "@polkadot-api/json-rpc-provider": "0.0.1", "@polkadot-api/utils": "0.1.0" } }, "sha512-MljrPobN0ZWTpn++da9vOvt+Ex+NlqTlr/XT7zi9sqPtDJiQcYl+d29hFAgpaeTqbeQKZwz3WDE9xcEfLE8c5A=="],

    "@polkadot-api/utils": ["@polkadot-api/utils@0.1.0", "", {}, "sha512-MXzWZeuGxKizPx2Xf/47wx9sr/uxKw39bVJUptTJdsaQn/TGq+z310mHzf1RCGvC1diHM8f593KrnDgc9oNbJA=="],

    "@polkadot/api": ["@polkadot/api@15.8.1", "", { "dependencies": { "@polkadot/api-augment": "15.8.1", "@polkadot/api-base": "15.8.1", "@polkadot/api-derive": "15.8.1", "@polkadot/keyring": "^13.4.3", "@polkadot/rpc-augment": "15.8.1", "@polkadot/rpc-core": "15.8.1", "@polkadot/rpc-provider": "15.8.1", "@polkadot/types": "15.8.1", "@polkadot/types-augment": "15.8.1", "@polkadot/types-codec": "15.8.1", "@polkadot/types-create": "15.8.1", "@polkadot/types-known": "15.8.1", "@polkadot/util": "^13.4.3", "@polkadot/util-crypto": "^13.4.3", "eventemitter3": "^5.0.1", "rxjs": "^7.8.1", "tslib": "^2.8.1" } }, "sha512-J4BhtTGoBYTLEtd6CMku8J7oKfv66elVd5IRF7yOddJFmY0zb5fNk3B2Y9Pv495fo77M0qKc/LjseCZn207pQQ=="],

    "@polkadot/api-augment": ["@polkadot/api-augment@15.8.1", "", { "dependencies": { "@polkadot/api-base": "15.8.1", "@polkadot/rpc-augment": "15.8.1", "@polkadot/types": "15.8.1", "@polkadot/types-augment": "15.8.1", "@polkadot/types-codec": "15.8.1", "@polkadot/util": "^13.4.3", "tslib": "^2.8.1" } }, "sha512-xVnkhaG9g2+uMx5ekvUb1Q5JDo1wzWVNhOAmGshAYuNmaQPupMTJIZ301/+gmw+23cvZd9/uCNZKF9x+wEWmOw=="],

    "@polkadot/api-base": ["@polkadot/api-base@15.8.1", "", { "dependencies": { "@polkadot/rpc-core": "15.8.1", "@polkadot/types": "15.8.1", "@polkadot/util": "^13.4.3", "rxjs": "^7.8.1", "tslib": "^2.8.1" } }, "sha512-rGdasatpT5skvn49bc5qUB+oT2SyYeYWgnzGK1nc1UdOEEmV9/xMsBOqVc6KJsJR9vqnv9Y9SL00Bb9H21uVAA=="],

    "@polkadot/api-derive": ["@polkadot/api-derive@15.8.1", "", { "dependencies": { "@polkadot/api": "15.8.1", "@polkadot/api-augment": "15.8.1", "@polkadot/api-base": "15.8.1", "@polkadot/rpc-core": "15.8.1", "@polkadot/types": "15.8.1", "@polkadot/types-codec": "15.8.1", "@polkadot/util": "^13.4.3", "@polkadot/util-crypto": "^13.4.3", "rxjs": "^7.8.1", "tslib": "^2.8.1" } }, "sha512-/rN63eWMkVdJamkpmX00xmg3VTfCUgOXIjob1e1no6WkZsk1uAHaU90Scv4bQEIxhhewwFMIseMP8l8GlCsNHg=="],

    "@polkadot/keyring": ["@polkadot/keyring@13.4.3", "", { "dependencies": { "@polkadot/util": "13.4.3", "@polkadot/util-crypto": "13.4.3", "tslib": "^2.8.0" } }, "sha512-2ePNcvBTznDN2luKbZM5fdxgAnj7V8m276qSTgrHlqKVvg9FsQpRCR6CAU+AjhnHzpe7uiZO+UH+jlXWefI3AA=="],

    "@polkadot/networks": ["@polkadot/networks@13.4.3", "", { "dependencies": { "@polkadot/util": "13.4.3", "@substrate/ss58-registry": "^1.51.0", "tslib": "^2.8.0" } }, "sha512-Z+YZkltBt//CtkVH8ZYJ1z66qYxdI0yPamzkzZAqw6gj3gjgSxKtxB4baA/rcAw05QTvN2R3dLkkmKr2mnHovQ=="],

    "@polkadot/rpc-augment": ["@polkadot/rpc-augment@15.8.1", "", { "dependencies": { "@polkadot/rpc-core": "15.8.1", "@polkadot/types": "15.8.1", "@polkadot/types-codec": "15.8.1", "@polkadot/util": "^13.4.3", "tslib": "^2.8.1" } }, "sha512-Ko5VVQYkifnEiSkuq0vwxjwTdlgsexn8lcB2zzpDIdq1SVF/w3/lg7Ln4hqPKJ4QGAYf1D5sqhZCbOhlgN+DfA=="],

    "@polkadot/rpc-core": ["@polkadot/rpc-core@15.8.1", "", { "dependencies": { "@polkadot/rpc-augment": "15.8.1", "@polkadot/rpc-provider": "15.8.1", "@polkadot/types": "15.8.1", "@polkadot/util": "^13.4.3", "rxjs": "^7.8.1", "tslib": "^2.8.1" } }, "sha512-QnEULlLO+eNVChll6nx8/J+VAa1SHmIZKi/ahMM5A5UWGc0ntLNDRT3Ts5itpUW8zI0mHCuQlkS1/7nYgbCb+Q=="],

    "@polkadot/rpc-provider": ["@polkadot/rpc-provider@15.8.1", "", { "dependencies": { "@polkadot/keyring": "^13.4.3", "@polkadot/types": "15.8.1", "@polkadot/types-support": "15.8.1", "@polkadot/util": "^13.4.3", "@polkadot/util-crypto": "^13.4.3", "@polkadot/x-fetch": "^13.4.3", "@polkadot/x-global": "^13.4.3", "@polkadot/x-ws": "^13.4.3", "eventemitter3": "^5.0.1", "mock-socket": "^9.3.1", "nock": "^13.5.5", "tslib": "^2.8.1" }, "optionalDependencies": { "@substrate/connect": "0.8.11" } }, "sha512-EAIRYiZNQeGPgG6AFyuRQdqLrYB/BL01Ra4ES8LA9nZwS4BVXuMoyzNuQqExUe2gNOjFfyVqURNBCR/0xzhMQg=="],

    "@polkadot/types": ["@polkadot/types@15.8.1", "", { "dependencies": { "@polkadot/keyring": "^13.4.3", "@polkadot/types-augment": "15.8.1", "@polkadot/types-codec": "15.8.1", "@polkadot/types-create": "15.8.1", "@polkadot/util": "^13.4.3", "@polkadot/util-crypto": "^13.4.3", "rxjs": "^7.8.1", "tslib": "^2.8.1" } }, "sha512-PALHaxeMaR+KwVN15XdmkF5udL9nm8ysIoS3iDMTSjjmZAZVhoELSUam/VxwEYkIuFBADj0i3zJTsEbiWBHotg=="],

    "@polkadot/types-augment": ["@polkadot/types-augment@15.8.1", "", { "dependencies": { "@polkadot/types": "15.8.1", "@polkadot/types-codec": "15.8.1", "@polkadot/util": "^13.4.3", "tslib": "^2.8.1" } }, "sha512-g3i+0q03gCLEx8YWDcvQk39QBAl4Cj59njNyX9XQKS2WZY0ZLVD4TMw0HEozMnYBb23dJjNeFxHkIdSQzaJBKA=="],

    "@polkadot/types-codec": ["@polkadot/types-codec@15.8.1", "", { "dependencies": { "@polkadot/util": "^13.4.3", "@polkadot/x-bigint": "^13.4.3", "tslib": "^2.8.1" } }, "sha512-F5GMDbxCeBCBM28gwnMMXvf0psU1j6NL9HG7KzlxWV7sjz/GwOEVyzETaSTrp4/wXt5QYUIGJiFG4ltzkx9K4g=="],

    "@polkadot/types-create": ["@polkadot/types-create@15.8.1", "", { "dependencies": { "@polkadot/types-codec": "15.8.1", "@polkadot/util": "^13.4.3", "tslib": "^2.8.1" } }, "sha512-h/4v5QJmagOjp3qFtBx+KQV5J8GxR/SJae1RTEt/6gCl/p9mS+yFGHHJ+ihD1wvcvh9XZCf/yotJAh+romY16A=="],

    "@polkadot/types-known": ["@polkadot/types-known@15.8.1", "", { "dependencies": { "@polkadot/networks": "^13.4.3", "@polkadot/types": "15.8.1", "@polkadot/types-codec": "15.8.1", "@polkadot/types-create": "15.8.1", "@polkadot/util": "^13.4.3", "tslib": "^2.8.1" } }, "sha512-0kNMRN2xd4aQybKT7sFrjOId7SOtry4z6BYg97mqNVf42ZH4idk3YKO41RA2nfyzOuuFzr6hav4FrRa+8Aue0w=="],

    "@polkadot/types-support": ["@polkadot/types-support@15.8.1", "", { "dependencies": { "@polkadot/util": "^13.4.3", "tslib": "^2.8.1" } }, "sha512-2NWhxdD7+rARlnKiFo83+wtjzAT4tvaZUD7ahxTukJbHSewpwhaHpqnCJccasw51qipI4rX0G1ytPJbI4NIRDg=="],

    "@polkadot/util": ["@polkadot/util@13.4.3", "", { "dependencies": { "@polkadot/x-bigint": "13.4.3", "@polkadot/x-global": "13.4.3", "@polkadot/x-textdecoder": "13.4.3", "@polkadot/x-textencoder": "13.4.3", "@types/bn.js": "^5.1.6", "bn.js": "^5.2.1", "tslib": "^2.8.0" } }, "sha512-6v2zvg8l7W22XvjYf7qv9tPQdYl2E6aXY94M4TZKsXZxmlS5BoG+A9Aq0+Gw8zBUjupjEmUkA6Y//msO8Zisug=="],

    "@polkadot/util-crypto": ["@polkadot/util-crypto@13.4.3", "", { "dependencies": { "@noble/curves": "^1.3.0", "@noble/hashes": "^1.3.3", "@polkadot/networks": "13.4.3", "@polkadot/util": "13.4.3", "@polkadot/wasm-crypto": "^7.4.1", "@polkadot/wasm-util": "^7.4.1", "@polkadot/x-bigint": "13.4.3", "@polkadot/x-randomvalues": "13.4.3", "@scure/base": "^1.1.7", "tslib": "^2.8.0" } }, "sha512-Ml0mjhKVetMrRCIosmVNMa6lbFPa3fSAeOggf34NsDIIQOKt9FL644iGz1ZSMOnBwN9qk2qHYmcFMTDXX2yKVQ=="],

    "@polkadot/wasm-bridge": ["@polkadot/wasm-bridge@7.4.1", "", { "dependencies": { "@polkadot/wasm-util": "7.4.1", "tslib": "^2.7.0" }, "peerDependencies": { "@polkadot/util": "*", "@polkadot/x-randomvalues": "*" } }, "sha512-tdkJaV453tezBxhF39r4oeG0A39sPKGDJmN81LYLf+Fihb7astzwju+u75BRmDrHZjZIv00un3razJEWCxze6g=="],

    "@polkadot/wasm-crypto": ["@polkadot/wasm-crypto@7.4.1", "", { "dependencies": { "@polkadot/wasm-bridge": "7.4.1", "@polkadot/wasm-crypto-asmjs": "7.4.1", "@polkadot/wasm-crypto-init": "7.4.1", "@polkadot/wasm-crypto-wasm": "7.4.1", "@polkadot/wasm-util": "7.4.1", "tslib": "^2.7.0" }, "peerDependencies": { "@polkadot/util": "*", "@polkadot/x-randomvalues": "*" } }, "sha512-kHN/kF7hYxm1y0WeFLWeWir6oTzvcFmR4N8fJJokR+ajYbdmrafPN+6iLgQVbhZnDdxyv9jWDuRRsDnBx8tPMQ=="],

    "@polkadot/wasm-crypto-asmjs": ["@polkadot/wasm-crypto-asmjs@7.4.1", "", { "dependencies": { "tslib": "^2.7.0" }, "peerDependencies": { "@polkadot/util": "*" } }, "sha512-pwU8QXhUW7IberyHJIQr37IhbB6DPkCG5FhozCiNTq4vFBsFPjm9q8aZh7oX1QHQaiAZa2m2/VjIVE+FHGbvHQ=="],

    "@polkadot/wasm-crypto-init": ["@polkadot/wasm-crypto-init@7.4.1", "", { "dependencies": { "@polkadot/wasm-bridge": "7.4.1", "@polkadot/wasm-crypto-asmjs": "7.4.1", "@polkadot/wasm-crypto-wasm": "7.4.1", "@polkadot/wasm-util": "7.4.1", "tslib": "^2.7.0" }, "peerDependencies": { "@polkadot/util": "*", "@polkadot/x-randomvalues": "*" } }, "sha512-AVka33+f7MvXEEIGq5U0dhaA2SaXMXnxVCQyhJTaCnJ5bRDj0Xlm3ijwDEQUiaDql7EikbkkRtmlvs95eSUWYQ=="],

    "@polkadot/wasm-crypto-wasm": ["@polkadot/wasm-crypto-wasm@7.4.1", "", { "dependencies": { "@polkadot/wasm-util": "7.4.1", "tslib": "^2.7.0" }, "peerDependencies": { "@polkadot/util": "*" } }, "sha512-PE1OAoupFR0ZOV2O8tr7D1FEUAwaggzxtfs3Aa5gr+yxlSOaWUKeqsOYe1KdrcjmZVV3iINEAXxgrbzCmiuONg=="],

    "@polkadot/wasm-util": ["@polkadot/wasm-util@7.4.1", "", { "dependencies": { "tslib": "^2.7.0" }, "peerDependencies": { "@polkadot/util": "*" } }, "sha512-RAcxNFf3zzpkr+LX/ItAsvj+QyM56TomJ0xjUMo4wKkHjwsxkz4dWJtx5knIgQz/OthqSDMR59VNEycQeNuXzA=="],

    "@polkadot/x-bigint": ["@polkadot/x-bigint@13.4.3", "", { "dependencies": { "@polkadot/x-global": "13.4.3", "tslib": "^2.8.0" } }, "sha512-8NbjF5Q+5lflhvDFve58wULjCVcvXa932LKFtI5zL2gx5VDhMgyfkNcYRjHB18Ecl21963JuGzvGVTZNkh/i6g=="],

    "@polkadot/x-fetch": ["@polkadot/x-fetch@13.4.3", "", { "dependencies": { "@polkadot/x-global": "13.4.3", "node-fetch": "^3.3.2", "tslib": "^2.8.0" } }, "sha512-EwhcwROqWa7mvNTbLVNH71Hbyp5PW5j9lV2UpII5MZzRO95eYwV4oP/xgtTxC+60nC8lrvzAw0JxEHrmNzmtlg=="],

    "@polkadot/x-global": ["@polkadot/x-global@13.4.3", "", { "dependencies": { "tslib": "^2.8.0" } }, "sha512-6c98kxZdoGRct3ua9Dz6/qz8wb3XFRUkaY+4+RzIgehKMPhu19pGWTrzmbJSyY9FtIpThuWKuDaBEvd5KgSxjA=="],

    "@polkadot/x-randomvalues": ["@polkadot/x-randomvalues@13.4.3", "", { "dependencies": { "@polkadot/x-global": "13.4.3", "tslib": "^2.8.0" }, "peerDependencies": { "@polkadot/util": "13.4.3", "@polkadot/wasm-util": "*" } }, "sha512-pskXP/S2jROZ6aASExsUFlNp7GbJvQikKogvyvMMCzNIbUYLxpLuquLRa3MOORx2c0SNsENg90cx/zHT+IjPRQ=="],

    "@polkadot/x-textdecoder": ["@polkadot/x-textdecoder@13.4.3", "", { "dependencies": { "@polkadot/x-global": "13.4.3", "tslib": "^2.8.0" } }, "sha512-k7Wg6csAPxfNtpBt3k5yUuPHYmRl/nl7H2OMr40upMjbZXbQ1RJW9Z3GBkLmQczG7NwwfAXHwQE9FYOMUtbuRQ=="],

    "@polkadot/x-textencoder": ["@polkadot/x-textencoder@13.4.3", "", { "dependencies": { "@polkadot/x-global": "13.4.3", "tslib": "^2.8.0" } }, "sha512-byl2LbN1rnEXKmnsCzEDaIjSIHAr+1ciSe2yj3M0K+oWEEcaFZEovJaf/uoyzkcjn+/l8rDv3nget6mPuQ/DSw=="],

    "@polkadot/x-ws": ["@polkadot/x-ws@13.4.3", "", { "dependencies": { "@polkadot/x-global": "13.4.3", "tslib": "^2.8.0", "ws": "^8.18.0" } }, "sha512-GS0I6MYLD/xNAAjODZi/pbG7Ba0e/5sbvDIrT01iKH3SPGN+PZoyAsc04t2IOXA6QmPa1OBHnaU3N4K8gGmJ+w=="],

    "@scure/base": ["@scure/base@1.2.4", "", {}, "sha512-5Yy9czTO47mqz+/J8GM6GIId4umdCk1wc1q8rKERQulIoc8VP9pzDcghv10Tl2E7R96ZUx/PhND3ESYUQX8NuQ=="],

    "@substrate/connect": ["@substrate/connect@0.8.11", "", { "dependencies": { "@substrate/connect-extension-protocol": "^2.0.0", "@substrate/connect-known-chains": "^1.1.5", "@substrate/light-client-extension-helpers": "^1.0.0", "smoldot": "2.0.26" } }, "sha512-ofLs1PAO9AtDdPbdyTYj217Pe+lBfTLltdHDs3ds8no0BseoLeAGxpz1mHfi7zB4IxI3YyAiLjH6U8cw4pj4Nw=="],

    "@substrate/connect-extension-protocol": ["@substrate/connect-extension-protocol@2.2.2", "", {}, "sha512-t66jwrXA0s5Goq82ZtjagLNd7DPGCNjHeehRlE/gcJmJ+G56C0W+2plqOMRicJ8XGR1/YFnUSEqUFiSNbjGrAA=="],

    "@substrate/connect-known-chains": ["@substrate/connect-known-chains@1.9.3", "", {}, "sha512-CPcykiKcVuG4J424gNUFak4AdIJ1sXbu/Bk1IGVPOz74NlBO8EvUyRlpPA7IY0vEf7/n4HQ1gEN5lfgERo4q3w=="],

    "@substrate/light-client-extension-helpers": ["@substrate/light-client-extension-helpers@1.0.0", "", { "dependencies": { "@polkadot-api/json-rpc-provider": "^0.0.1", "@polkadot-api/json-rpc-provider-proxy": "^0.1.0", "@polkadot-api/observable-client": "^0.3.0", "@polkadot-api/substrate-client": "^0.1.2", "@substrate/connect-extension-protocol": "^2.0.0", "@substrate/connect-known-chains": "^1.1.5", "rxjs": "^7.8.1" }, "peerDependencies": { "smoldot": "2.x" } }, "sha512-TdKlni1mBBZptOaeVrKnusMg/UBpWUORNDv5fdCaJklP4RJiFOzBCrzC+CyVI5kQzsXBisZ+2pXm+rIjS38kHg=="],

    "@substrate/ss58-registry": ["@substrate/ss58-registry@1.51.0", "", {}, "sha512-TWDurLiPxndFgKjVavCniytBIw+t4ViOi7TYp9h/D0NMmkEc9klFTo+827eyEJ0lELpqO207Ey7uGxUa+BS1jQ=="],

    "@telegraf/types": ["@telegraf/types@7.1.0", "", {}, "sha512-kGevOIbpMcIlCDeorKGpwZmdH7kHbqlk/Yj6dEpJMKEQw5lk0KVQY0OLXaCswy8GqlIVLd5625OB+rAntP9xVw=="],

    "@types/bn.js": ["@types/bn.js@5.1.6", "", { "dependencies": { "@types/node": "*" } }, "sha512-Xh8vSwUeMKeYYrj3cX4lGQgFSF/N03r+tv4AiLl1SucqV+uTQpxRcnM8AkXKHwYP9ZPXOYXRr2KPXpVlIvqh9w=="],

    "@types/bun": ["@types/bun@1.2.6", "", { "dependencies": { "bun-types": "1.2.6" } }, "sha512-fY9CAmTdJH1Llx7rugB0FpgWK2RKuHCs3g2cFDYXUutIy1QGiPQxKkGY8owhfZ4MXWNfxwIbQLChgH5gDsY7vw=="],

    "@types/events": ["@types/events@3.0.3", "", {}, "sha512-trOc4AAUThEz9hapPtSd7wf5tiQKvTtu5b371UxXdTuqzIh0ArcRspRP0i0Viu+LXstIQ1z96t1nsPxT9ol01g=="],

    "@types/js-yaml": ["@types/js-yaml@4.0.9", "", {}, "sha512-k4MGaQl5TGo/iipqb2UDG2UwjXziSWkh0uysQelTlJpX1qGlpUZYm8PnO4DxG1qBomtJUdYJ6qR6xdIah10JLg=="],

    "@types/node": ["@types/node@22.13.13", "", { "dependencies": { "undici-types": "~6.20.0" } }, "sha512-ClsL5nMwKaBRwPcCvH8E7+nU4GxHVx1axNvMZTFHMEfNI7oahimt26P5zjVCRrjiIWj6YFXfE1v3dEp94wLcGQ=="],

    "@types/retry": ["@types/retry@0.12.0", "", {}, "sha512-wWKOClTTiizcZhXnPY4wikVAwmdYHp8q6DmC+EJUzAMsycb7HB32Kh9RN4+0gExjmPmZSAQjgURXIGATPegAvA=="],

    "@types/triple-beam": ["@types/triple-beam@1.3.5", "", {}, "sha512-6WaYesThRMCl19iryMYP7/x2OVgCtbIVflDGFpWnb9irXI3UjYE4AzmYuiUKY1AJstGijoY+MgUszMgRxIYTYw=="],

    "@types/ws": ["@types/ws@8.5.14", "", { "dependencies": { "@types/node": "*" } }, "sha512-bd/YFLW+URhBzMXurx7lWByOu+xzU9+kb3RboOteXYDfW+tr+JZa99OyNmPINEGB/ahzKrEuc8rcv4gnpJmxTw=="],

    "@types/yargs": ["@types/yargs@17.0.33", "", { "dependencies": { "@types/yargs-parser": "*" } }, "sha512-WpxBCKWPLr4xSsHgz511rFJAM+wS28w2zEO1QDNY5zM/S8ok70NNfztH0xwhqKyaK0OHCbN98LDAZuy1ctxDkA=="],

    "@types/yargs-parser": ["@types/yargs-parser@21.0.3", "", {}, "sha512-I4q9QU9MQv4oEOz4tAHJtNz1cwuLxn2F3xcc2iV5WdqLPpUnj30aUuxt1mAxYTG+oe8CZMV/+6rU4S4gRDzqtQ=="],

    "abort-controller": ["abort-controller@3.0.0", "", { "dependencies": { "event-target-shim": "^5.0.0" } }, "sha512-h8lQ8tacZYnR3vNQTgibj+tODHI5/+l06Au2Pcriv/Gmet0eaj4TwWH41sO9wnHDiQsEj19q0drzdWdeAHtweg=="],

    "another-json": ["another-json@0.2.0", "", {}, "sha512-/Ndrl68UQLhnCdsAzEXLMFuOR546o2qbYRqCglaNHbjXrwG1ayTcdwr3zkSGOGtGXDyR5X9nCFfnyG2AFJIsqg=="],

    "ansi-regex": ["ansi-regex@5.0.1", "", {}, "sha512-quJQXlTSUGL2LH9SUXo8VwsY4soanhgo6LNSm84E1LBcE8s3O0wpdiRzyR9z/ZZJMlMWv37qOOb9pdJlMUEKFQ=="],

    "ansi-styles": ["ansi-styles@4.3.0", "", { "dependencies": { "color-convert": "^2.0.1" } }, "sha512-zbB9rCJAT1rbjiVDb2hqKFHNYLxgtk8NURxZ3IZwD3F6NtxbXZQCnnSi1Lkx+IDohdPlFp222wVALIheZJQSEg=="],

    "argparse": ["argparse@2.0.1", "", {}, "sha512-8+9WqebbFzpX9OR+Wa6O29asIogeRMzcGtAINdpMHHyAg10f05aSFVBbcEqGf/PXw1EjAZ+q2/bEBg3DvurK3Q=="],

    "async": ["async@3.2.6", "", {}, "sha512-htCUDlxyyCLMgaM3xXg0C0LW2xqfuQ6p05pCEIsXuyQ+a1koYKTuBMzRNwmybfLgvJDMd0r1LTn4+E0Ti6C2AA=="],

    "base-x": ["base-x@5.0.1", "", {}, "sha512-M7uio8Zt++eg3jPj+rHMfCC+IuygQHHCOU+IYsVtik6FWjuYpVt/+MRKcgsAMHh8mMFAwnB+Bs+mTrFiXjMzKg=="],

    "bn.js": ["bn.js@5.2.1", "", {}, "sha512-eXRvHzWyYPBuB4NBy0cmYQjGitUrtqwbvlzP3G6VFnNRbsZQIxQ10PbKKHt8gZ/HW/D/747aDl+QkDqg3KQLMQ=="],

    "bs58": ["bs58@6.0.0", "", { "dependencies": { "base-x": "^5.0.0" } }, "sha512-PD0wEnEYg6ijszw/u8s+iI3H17cTymlrwkKhDhPZq+Sokl3AU4htyBFTjAeNAlCCmg0f53g6ih3jATyCKftTfw=="],

    "buffer-alloc": ["buffer-alloc@1.2.0", "", { "dependencies": { "buffer-alloc-unsafe": "^1.1.0", "buffer-fill": "^1.0.0" } }, "sha512-CFsHQgjtW1UChdXgbyJGtnm+O/uLQeZdtbDo8mfUgYXCHSM1wgrVxXm6bSyrUuErEb+4sYVGCzASBRot7zyrow=="],

    "buffer-alloc-unsafe": ["buffer-alloc-unsafe@1.1.0", "", {}, "sha512-TEM2iMIEQdJ2yjPJoSIsldnleVaAk1oW3DBVUykyOLsEsFmEc9kn+SFFPz+gl54KQNxlDnAwCXosOS9Okx2xAg=="],

    "buffer-fill": ["buffer-fill@1.0.0", "", {}, "sha512-T7zexNBwiiaCOGDg9xNX9PBmjrubblRkENuptryuI64URkXDFum9il/JGL8Lm8wYfAXpredVXXZz7eMHilimiQ=="],

    "bun-types": ["bun-types@1.2.6", "", { "dependencies": { "@types/node": "*", "@types/ws": "~8.5.10" } }, "sha512-FbCKyr5KDiPULUzN/nm5oqQs9nXCHD8dVc64BArxJadCvbNzAI6lUWGh9fSJZWeDIRD38ikceBU8Kj/Uh+53oQ=="],

    "cliui": ["cliui@8.0.1", "", { "dependencies": { "string-width": "^4.2.0", "strip-ansi": "^6.0.1", "wrap-ansi": "^7.0.0" } }, "sha512-BSeNnyus75C4//NQ9gQt1/csTXyo/8Sb+afLAkzAptFuMsod9HFokGNudZpi/oQV73hnVK+sR+5PVRMd+Dr7YQ=="],

    "color": ["color@3.2.1", "", { "dependencies": { "color-convert": "^1.9.3", "color-string": "^1.6.0" } }, "sha512-aBl7dZI9ENN6fUGC7mWpMTPNHmWUSNan9tuWN6ahh5ZLNk9baLJOnSMlrQkHcrfFgz2/RigjUVAjdx36VcemKA=="],

    "color-convert": ["color-convert@1.9.3", "", { "dependencies": { "color-name": "1.1.3" } }, "sha512-QfAUtd+vFdAtFQcC8CCyYt1fYWxSqAiK2cSD6zDB8N3cpsEBAvRxp9zOGg6G/SHHJYAT88/az/IuDGALsNVbGg=="],

    "color-name": ["color-name@1.1.3", "", {}, "sha512-72fSenhMw2HZMTVHeCA9KCmpEIbzWiQsjN+BHcBbS9vr1mtt+vJjPdksIBNUmKAW8TFUDPJK5SUU3QhE9NEXDw=="],

    "color-string": ["color-string@1.9.1", "", { "dependencies": { "color-name": "^1.0.0", "simple-swizzle": "^0.2.2" } }, "sha512-shrVawQFojnZv6xM40anx4CkoDP+fZsw/ZerEMsW/pyzsRbElpsL/DBVW7q3ExxwusdNXI3lXpuhEZkzs8p5Eg=="],

    "colorspace": ["colorspace@1.1.4", "", { "dependencies": { "color": "^3.1.3", "text-hex": "1.0.x" } }, "sha512-BgvKJiuVu1igBUF2kEjRCZXol6wiiGbY5ipL/oVPwm0BL9sIpMIzM8IK7vwuxIIzOXMV3Ey5w+vxhm0rR/TN8w=="],

    "content-type": ["content-type@1.0.5", "", {}, "sha512-nTjqfcBFEipKdXCv4YDQWCfmcLZKm81ldF0pAopTvyrFGVbcR6P/VAAd5G7N+0tTr8QqiU0tFadD6FK4NtJwOA=="],

    "data-uri-to-buffer": ["data-uri-to-buffer@4.0.1", "", {}, "sha512-0R9ikRb668HB7QDxT1vkpuUBtqc53YyAwMwGeUFKRojY/NWKvdZ+9UYtRfGmhqNbRkTSVpMbmyhXipFFv2cb/A=="],

    "debug": ["debug@4.4.0", "", { "dependencies": { "ms": "^2.1.3" } }, "sha512-6WTZ/IxCY/T6BALoZHaE4ctp9xm+Z5kY/pzYaCHRFeyVhojxlrm+46y68HA6hr0TcwEssoxNiDEUJQjfPZ/RYA=="],

    "emoji-regex": ["emoji-regex@8.0.0", "", {}, "sha512-MSjYzcWNOA0ewAHpz0MxpYFvwg6yjy1NG3xteoqz644VCo/RPgnr1/GGt+ic3iJTzQ8Eu3TdM14SawnVUmGE6A=="],

    "enabled": ["enabled@2.0.0", "", {}, "sha512-AKrN98kuwOzMIdAizXGI86UFBoo26CL21UM763y1h/GMSJ4/OHU9k2YlsmBpyScFo/wbLzWQJBMCW4+IO3/+OQ=="],

    "escalade": ["escalade@3.2.0", "", {}, "sha512-WUj2qlxaQtO4g6Pq5c29GTcWGDyd8itL8zTlipgECz3JesAiiOKotd8JU6otB3PACgG6xkJUyVhboMS+bje/jA=="],

    "event-target-shim": ["event-target-shim@5.0.1", "", {}, "sha512-i/2XbnSz/uxRCU6+NdVJgKWDTM427+MqYbkQzD321DuCQJUqOuJKIA0IM2+W2xtYHdKOmZ4dR6fExsd4SXL+WQ=="],

    "eventemitter3": ["eventemitter3@5.0.1", "", {}, "sha512-GWkBvjiSZK87ELrYOSESUYeVIc9mvLLf/nXalMOS5dYrgZq9o5OVkbZAVM06CVxYsCwH9BDZFPlQTlPA1j4ahA=="],

    "events": ["events@3.3.0", "", {}, "sha512-mQw+2fkQbALzQ7V0MY0IqdnXNOeTtP4r0lN9z7AAawCXgqea7bDii20AYrIBrFd/Hx0M2Ocz6S111CaFkUcb0Q=="],

    "fecha": ["fecha@4.2.3", "", {}, "sha512-OP2IUU6HeYKJi3i0z4A19kHMQoLVs4Hc+DPqqxI2h/DPZHTm/vjsfC6P0b4jCMy14XizLBqvndQ+UilD7707Jw=="],

    "fetch-blob": ["fetch-blob@3.2.0", "", { "dependencies": { "node-domexception": "^1.0.0", "web-streams-polyfill": "^3.0.3" } }, "sha512-7yAQpD2UMJzLi1Dqv7qFYnPbaPx7ZfFK6PiIxQ4PfkGPyNyl2Ugx+a/umUonmKqjhM4DnfbMvdX6otXq83soQQ=="],

    "fn.name": ["fn.name@1.1.0", "", {}, "sha512-GRnmB5gPyJpAhTQdSZTSp9uaPSvl09KoYcMQtsB9rQoOmzs9dH6ffeccH+Z+cv6P68Hu5bC6JjRh4Ah/mHSNRw=="],

    "formdata-polyfill": ["formdata-polyfill@4.0.10", "", { "dependencies": { "fetch-blob": "^3.1.2" } }, "sha512-buewHzMvYL29jdeQTVILecSaZKnt/RJWjoZCF5OW60Z67/GmSLBkOFM7qh1PI3zFNtJbaZL5eQu1vLfazOwj4g=="],

    "get-caller-file": ["get-caller-file@2.0.5", "", {}, "sha512-DyFP3BM/3YHTQOCUL/w0OZHR0lpKeGrxotcHWcqNEdnltqFwXVfhEBQ94eIo34AfQpo0rGki4cyIiftY06h2Fg=="],

    "inherits": ["inherits@2.0.4", "", {}, "sha512-k/vGaX4/Yla3WzyMCvTQOXYeIHvqOKtnqBduzTHpzpQZzAskKMhZ2K+EnBiSM9zGSoIFeMpXKxa4dYeZIQqewQ=="],

    "is-arrayish": ["is-arrayish@0.3.2", "", {}, "sha512-eVRqCvVlZbuw3GrM63ovNSNAeA1K16kaR/LRY/92w0zxQ5/1YzwblUX652i4Xs9RwAGjW9d9y6X88t8OaAJfWQ=="],

    "is-fullwidth-code-point": ["is-fullwidth-code-point@3.0.0", "", {}, "sha512-zymm5+u+sCsSWyD9qNaejV3DFvhCKclKdizYaJUuHA83RLjb7nSuGnddCHGv0hk+KY7BMAlsWeK4Ueg6EV6XQg=="],

    "is-stream": ["is-stream@2.0.1", "", {}, "sha512-hFoiJiTl63nn+kstHGBtewWSKnQLpyb155KHheA1l39uvtO9nWIop1p3udqPcUd/xbF1VLMO4n7OI6p7RbngDg=="],

    "js-yaml": ["js-yaml@4.1.0", "", { "dependencies": { "argparse": "^2.0.1" }, "bin": { "js-yaml": "bin/js-yaml.js" } }, "sha512-wpxZs9NoxZaJESJGIZTyDEaYpl0FKSA+FB9aJiyemKhMwkxQg63h4T1KJgUGHpTqPDNRcmmYLugrRjJlBtWvRA=="],

    "json-stringify-safe": ["json-stringify-safe@5.0.1", "", {}, "sha512-ZClg6AaYvamvYEE82d3Iyd3vSSIjQ+odgjaTzRuO3s7toCdFKczob2i0zCh7JE8kWn17yvAWhUVxvqGwUalsRA=="],

    "jwt-decode": ["jwt-decode@4.0.0", "", {}, "sha512-+KJGIyHgkGuIq3IEBNftfhW/LfWhXUIY6OmyVWjliu5KH1y0fw7VQ8YndE2O4qZdMSd9SqbnC8GOcZEy0Om7sA=="],

    "kuler": ["kuler@2.0.0", "", {}, "sha512-Xq9nH7KlWZmXAtodXDDRE7vs6DU1gTU8zYDHDiWLSip45Egwq3plLHzPn27NgvzL2r1LMPC1vdqh98sQxtqj4A=="],

    "logform": ["logform@2.7.0", "", { "dependencies": { "@colors/colors": "1.6.0", "@types/triple-beam": "^1.3.2", "fecha": "^4.2.0", "ms": "^2.1.1", "safe-stable-stringify": "^2.3.1", "triple-beam": "^1.3.0" } }, "sha512-TFYA4jnP7PVbmlBIfhlSe+WKxs9dklXMTEGcBCIvLhE/Tn3H6Gk1norupVW7m5Cnd4bLcr08AytbyV/xj7f/kQ=="],

    "loglevel": ["loglevel@1.9.2", "", {}, "sha512-HgMmCqIJSAKqo68l0rS2AanEWfkxaZ5wNiEFb5ggm08lDs9Xl2KxBlX3PTcaD2chBM1gXAYf491/M2Rv8Jwayg=="],

    "matrix-events-sdk": ["matrix-events-sdk@0.0.1", "", {}, "sha512-1QEOsXO+bhyCroIe2/A5OwaxHvBm7EsSQ46DEDn8RBIfQwN5HWBpFvyWWR4QY0KHPPnnJdI99wgRiAl7Ad5qaA=="],

    "matrix-js-sdk": ["matrix-js-sdk@37.1.0", "", { "dependencies": { "@babel/runtime": "^7.12.5", "@matrix-org/matrix-sdk-crypto-wasm": "^14.0.1", "@matrix-org/olm": "3.2.15", "another-json": "^0.2.0", "bs58": "^6.0.0", "content-type": "^1.0.4", "jwt-decode": "^4.0.0", "loglevel": "^1.7.1", "matrix-events-sdk": "0.0.1", "matrix-widget-api": "^1.10.0", "oidc-client-ts": "^3.0.1", "p-retry": "4", "sdp-transform": "^2.14.1", "unhomoglyph": "^1.0.6", "uuid": "11" } }, "sha512-MRhXSM+MV21B8qg76KFtqLeD5kjEcaKAvHrB7XS8fT9TdZQlmWBtkE6K2JaYaOkd3QDITNZLymSeap4Q2Gh9RA=="],

    "matrix-widget-api": ["matrix-widget-api@1.13.1", "", { "dependencies": { "@types/events": "^3.0.0", "events": "^3.2.0" } }, "sha512-mkOHUVzaN018TCbObfGOSaMW2GoUxOfcxNNlTVx5/HeMk3OSQPQM0C9oEME5Liiv/dBUoSrEB64V8wF7e/gb1w=="],

    "mock-socket": ["mock-socket@9.3.1", "", {}, "sha512-qxBgB7Qa2sEQgHFjj0dSigq7fX4k6Saisd5Nelwp2q8mlbAFh5dHV9JTTlF8viYJLSSWgMCZFUom8PJcMNBoJw=="],

    "mri": ["mri@1.2.0", "", {}, "sha512-tzzskb3bG8LvYGFF/mDTpq3jpI6Q9wc3LEmBaghu+DdCssd1FakN7Bc0hVNmEyGq1bq3RgfkCb3cmQLpNPOroA=="],

    "ms": ["ms@2.1.3", "", {}, "sha512-6FlzubTLZG3J2a/NVCAleEhjzq5oxgHyaCU9yYXvcLsvoVaHJq/s5xXI6/XXP6tz7R9xAOtHnSO/tXtF3WRTlA=="],

    "nock": ["nock@13.5.6", "", { "dependencies": { "debug": "^4.1.0", "json-stringify-safe": "^5.0.1", "propagate": "^2.0.0" } }, "sha512-o2zOYiCpzRqSzPj0Zt/dQ/DqZeYoaQ7TUonc/xUPjCGl9WeHpNbxgVvOquXYAaJzI0M9BXV3HTzG0p8IUAbBTQ=="],

    "node-domexception": ["node-domexception@1.0.0", "", {}, "sha512-/jKZoMpw0F8GRwl4/eLROPA3cfcXtLApP0QzLmUT/HuPCZWyB7IY9ZrMeKw2O/nFIqPQB3PVM9aYm0F312AXDQ=="],

    "node-fetch": ["node-fetch@2.7.0", "", { "dependencies": { "whatwg-url": "^5.0.0" }, "peerDependencies": { "encoding": "^0.1.0" }, "optionalPeers": ["encoding"] }, "sha512-c4FRfUm/dbcWZ7U+1Wq0AwCyFL+3nt2bEw05wfxSz+DWpWsitgmSgYmy2dQdWyKC1694ELPqMs/YzUSNozLt8A=="],

    "nodemailer": ["nodemailer@6.10.0", "", {}, "sha512-SQ3wZCExjeSatLE/HBaXS5vqUOQk6GtBdIIKxiFdmm01mOQZX/POJkO3SUX1wDiYcwUOJwT23scFSC9fY2H8IA=="],

    "oidc-client-ts": ["oidc-client-ts@3.2.0", "", { "dependencies": { "jwt-decode": "^4.0.0" } }, "sha512-wUvVcG3SXzZDKHxi/VGQGaTUk9qguMKfYh26Y1zOVrQsu1zp85JWx/SjZzKSXK5j3NA1RcasgMoaHe6gt1WNtw=="],

    "one-time": ["one-time@1.0.0", "", { "dependencies": { "fn.name": "1.x.x" } }, "sha512-5DXOiRKwuSEcQ/l0kGCF6Q3jcADFv5tSmRaJck/OqkVFcOzutB134KRSfF0xDrL39MNnqxbHBbUUcjZIhTgb2g=="],

    "openpgp": ["openpgp@6.1.0", "", {}, "sha512-fRTeitP+hoGJD3kbdUlAI++wE6MvfvXw1rBqHwmBMxIpLjowatJ2zb5ThkORpIkSz5F12wO+xCYRSTbT7M4qKA=="],

    "p-retry": ["p-retry@4.6.2", "", { "dependencies": { "@types/retry": "0.12.0", "retry": "^0.13.1" } }, "sha512-312Id396EbJdvRONlngUx0NydfrIQ5lsYu0znKVUzVvArzEIt08V1qhtyESbGVd1FGX7UKtiFp5uwKZdM8wIuQ=="],

    "p-timeout": ["p-timeout@4.1.0", "", {}, "sha512-+/wmHtzJuWii1sXn3HCuH/FTwGhrp4tmJTxSKJbfS+vkipci6osxXM5mY0jUiRzWKMTgUT8l7HFbeSwZAynqHw=="],

    "propagate": ["propagate@2.0.1", "", {}, "sha512-vGrhOavPSTz4QVNuBNdcNXePNdNMaO1xj9yBeH1ScQPjk/rhg9sSlCXPhMkFuaNNW/syTvYqsnbIJxMBfRbbag=="],

    "readable-stream": ["readable-stream@3.6.2", "", { "dependencies": { "inherits": "^2.0.3", "string_decoder": "^1.1.1", "util-deprecate": "^1.0.1" } }, "sha512-9u/sniCrY3D5WdsERHzHE4G2YCXqoG5FTHUiCC4SIbr6XcLZBY05ya9EKjYek9O5xOAwjGq+1JdGBAS7Q9ScoA=="],

    "regenerator-runtime": ["regenerator-runtime@0.14.1", "", {}, "sha512-dYnhHh0nJoMfnkZs6GmmhFknAGRrLznOu5nc9ML+EJxGvrx6H7teuevqVqCuPcPK//3eDrrjQhehXVx9cnkGdw=="],

    "require-directory": ["require-directory@2.1.1", "", {}, "sha512-fGxEI7+wsG9xrvdjsrlmL22OMTTiHRwAMroiEeMgq8gzoLC/PQr7RsRDSTLUg/bZAZtF+TVIkHc6/4RIKrui+Q=="],

    "retry": ["retry@0.13.1", "", {}, "sha512-XQBQ3I8W1Cge0Seh+6gjj03LbmRFWuoszgK9ooCpwYIrhhoO80pfq4cUkU5DkknwfOfFteRwlZ56PYOGYyFWdg=="],

    "rxjs": ["rxjs@7.8.2", "", { "dependencies": { "tslib": "^2.1.0" } }, "sha512-dhKf903U/PQZY6boNNtAGdWbG85WAbjT/1xYoZIC7FAY0yWapOBQVsVrDl58W86//e1VpMNBtRV4MaXfdMySFA=="],

    "safe-buffer": ["safe-buffer@5.2.1", "", {}, "sha512-rp3So07KcdmmKbGvgaNxQSJr7bGVSVk5S9Eq1F+ppbRo70+YeaDxkw5Dd8NPN+GD6bjnYm2VuPuCXmpuYvmCXQ=="],

    "safe-compare": ["safe-compare@1.1.4", "", { "dependencies": { "buffer-alloc": "^1.2.0" } }, "sha512-b9wZ986HHCo/HbKrRpBJb2kqXMK9CEWIE1egeEvZsYn69ay3kdfl9nG3RyOcR+jInTDf7a86WQ1d4VJX7goSSQ=="],

    "safe-stable-stringify": ["safe-stable-stringify@2.5.0", "", {}, "sha512-b3rppTKm9T+PsVCBEOUR46GWI7fdOs00VKZ1+9c1EWDaDMvjQc6tUwuFyIprgGgTcWoVHSKrU8H31ZHA2e0RHA=="],

    "sandwich-stream": ["sandwich-stream@2.0.2", "", {}, "sha512-jLYV0DORrzY3xaz/S9ydJL6Iz7essZeAfnAavsJ+zsJGZ1MOnsS52yRjU3uF3pJa/lla7+wisp//fxOwOH8SKQ=="],

    "scale-ts": ["scale-ts@1.6.1", "", {}, "sha512-PBMc2AWc6wSEqJYBDPcyCLUj9/tMKnLX70jLOSndMtcUoLQucP/DM0vnQo1wJAYjTrQiq8iG9rD0q6wFzgjH7g=="],

    "sdp-transform": ["sdp-transform@2.15.0", "", { "bin": { "sdp-verify": "checker.js" } }, "sha512-KrOH82c/W+GYQ0LHqtr3caRpM3ITglq3ljGUIb8LTki7ByacJZ9z+piSGiwZDsRyhQbYBOBJgr2k6X4BZXi3Kw=="],

    "simple-swizzle": ["simple-swizzle@0.2.2", "", { "dependencies": { "is-arrayish": "^0.3.1" } }, "sha512-JA//kQgZtbuY83m+xT+tXJkmJncGMTFT+C+g2h2R9uxkYIrE2yy9sgmcLhCnw57/WSD+Eh3J97FPEDFnbXnDUg=="],

    "smoldot": ["smoldot@2.0.26", "", { "dependencies": { "ws": "^8.8.1" } }, "sha512-F+qYmH4z2s2FK+CxGj8moYcd1ekSIKH8ywkdqlOz88Dat35iB1DIYL11aILN46YSGMzQW/lbJNS307zBSDN5Ig=="],

    "stack-trace": ["stack-trace@0.0.10", "", {}, "sha512-KGzahc7puUKkzyMt+IqAep+TVNbKP+k2Lmwhub39m1AsTSkaDutx56aDCo+HLDzf/D26BIHTJWNiTG1KAJiQCg=="],

    "string-width": ["string-width@4.2.3", "", { "dependencies": { "emoji-regex": "^8.0.0", "is-fullwidth-code-point": "^3.0.0", "strip-ansi": "^6.0.1" } }, "sha512-wKyQRQpjJ0sIp62ErSZdGsjMJWsap5oRNihHhu6G7JVO/9jIB6UyevL+tXuOqrng8j/cxKTWyWUwvSTriiZz/g=="],

    "string_decoder": ["string_decoder@1.3.0", "", { "dependencies": { "safe-buffer": "~5.2.0" } }, "sha512-hkRX8U1WjJFd8LsDJ2yQ/wWWxaopEsABU1XfkM8A+j0+85JAGppt16cr1Whg6KIbb4okU6Mql6BOj+uup/wKeA=="],

    "strip-ansi": ["strip-ansi@6.0.1", "", { "dependencies": { "ansi-regex": "^5.0.1" } }, "sha512-Y38VPSHcqkFrCpFnQ9vuSXmquuv5oXOKpGeT6aGrr3o3Gc9AlVa6JBfUSOCnbxGGZF+/0ooI7KrPuUSztUdU5A=="],

    "telegraf": ["telegraf@4.16.3", "", { "dependencies": { "@telegraf/types": "^7.1.0", "abort-controller": "^3.0.0", "debug": "^4.3.4", "mri": "^1.2.0", "node-fetch": "^2.7.0", "p-timeout": "^4.1.0", "safe-compare": "^1.1.4", "sandwich-stream": "^2.0.2" }, "bin": { "telegraf": "lib/cli.mjs" } }, "sha512-yjEu2NwkHlXu0OARWoNhJlIjX09dRktiMQFsM678BAH/PEPVwctzL67+tvXqLCRQQvm3SDtki2saGO9hLlz68w=="],

    "text-hex": ["text-hex@1.0.0", "", {}, "sha512-uuVGNWzgJ4yhRaNSiubPY7OjISw4sw4E5Uv0wbjp+OzcbmVU/rsT8ujgcXJhn9ypzsgr5vlzpPqP+MBBKcGvbg=="],

    "tr46": ["tr46@0.0.3", "", {}, "sha512-N3WMsuqV66lT30CrXNbEjx4GEwlow3v6rr4mCcv6prnfwhS01rkgyFdjPNBYd9br7LpXV1+Emh01fHnq2Gdgrw=="],

    "triple-beam": ["triple-beam@1.4.1", "", {}, "sha512-aZbgViZrg1QNcG+LULa7nhZpJTZSLm/mXnHXnbAbjmN5aSa0y7V+wvv6+4WaBtpISJzThKy+PIPxc1Nq1EJ9mg=="],

    "ts-interface-checker": ["ts-interface-checker@1.0.2", "", {}, "sha512-4IKKvhZRXhvtYF/mtu+OCfBqJKV6LczUq4kQYcpT+iSB7++R9+giWnp2ecwWMIcnG16btVOkXFnoxLSYMN1Q1g=="],

    "tslib": ["tslib@2.8.1", "", {}, "sha512-oJFu94HQb+KVduSUQL7wnpmqnfmLsOA/nAh6b6EH0wCEoK0/mPeXU6c3wKDV83MkOuHPRHtSXKKU99IBazS/2w=="],

    "typescript": ["typescript@5.8.2", "", { "bin": { "tsc": "bin/tsc", "tsserver": "bin/tsserver" } }, "sha512-aJn6wq13/afZp/jT9QZmwEjDqqvSGp1VT5GVg+f/t6/oVyrgXM6BY1h9BRh/O5p3PlUPAe+WuiEZOmb/49RqoQ=="],

    "undici-types": ["undici-types@6.20.0", "", {}, "sha512-Ny6QZ2Nju20vw1SRHe3d9jVu6gJ+4e3+MMpqu7pqE5HT6WsTSlce++GQmK5UXS8mzV8DSYHrQH+Xrf2jVcuKNg=="],

    "unhomoglyph": ["unhomoglyph@1.0.6", "", {}, "sha512-7uvcWI3hWshSADBu4JpnyYbTVc7YlhF5GDW/oPD5AxIxl34k4wXR3WDkPnzLxkN32LiTCTKMQLtKVZiwki3zGg=="],

    "util-deprecate": ["util-deprecate@1.0.2", "", {}, "sha512-EPD5q1uXyFxJpCrLnCc1nHnq3gOa6DZBocAIiI2TaSCA7VCJ1UJDMagCzIkXNsUYfD1daK//LTEQ8xiIbrHtcw=="],

    "uuid": ["uuid@11.1.0", "", { "bin": { "uuid": "dist/esm/bin/uuid" } }, "sha512-0/A9rDy9P7cJ+8w1c9WD9V//9Wj15Ce2MPz8Ri6032usz+NfePxx5AcN3bN+r6ZL6jEo066/yNYB3tn4pQEx+A=="],

    "web-streams-polyfill": ["web-streams-polyfill@3.3.3", "", {}, "sha512-d2JWLCivmZYTSIoge9MsgFCZrt571BikcWGYkjC1khllbTeDlGqZ2D8vD8E/lJa8WGWbb7Plm8/XJYV7IJHZZw=="],

    "webidl-conversions": ["webidl-conversions@3.0.1", "", {}, "sha512-2JAn3z8AR6rjK8Sm8orRC0h/bcl/DqL7tRPdGZ4I1CjdF+EaMLmYxBHyXuKL849eucPFhvBoxMsflfOb8kxaeQ=="],

    "whatwg-url": ["whatwg-url@5.0.0", "", { "dependencies": { "tr46": "~0.0.3", "webidl-conversions": "^3.0.0" } }, "sha512-saE57nupxk6v3HY35+jzBwYa0rKSy0XR8JSxZPwgLr7ys0IBzhGviA1/TUGJLmSVqs8pb9AnvICXEuOHLprYTw=="],

    "winston": ["winston@3.17.0", "", { "dependencies": { "@colors/colors": "^1.6.0", "@dabh/diagnostics": "^2.0.2", "async": "^3.2.3", "is-stream": "^2.0.0", "logform": "^2.7.0", "one-time": "^1.0.0", "readable-stream": "^3.4.0", "safe-stable-stringify": "^2.3.1", "stack-trace": "0.0.x", "triple-beam": "^1.3.0", "winston-transport": "^4.9.0" } }, "sha512-DLiFIXYC5fMPxaRg832S6F5mJYvePtmO5G9v9IgUFPhXm9/GkXarH/TUrBAVzhTCzAj9anE/+GjrgXp/54nOgw=="],

    "winston-transport": ["winston-transport@4.9.0", "", { "dependencies": { "logform": "^2.7.0", "readable-stream": "^3.6.2", "triple-beam": "^1.3.0" } }, "sha512-8drMJ4rkgaPo1Me4zD/3WLfI/zPdA9o2IipKODunnGDcuqbHwjsbB79ylv04LCGGzU0xQ6vTznOMpQGaLhhm6A=="],

    "wrap-ansi": ["wrap-ansi@7.0.0", "", { "dependencies": { "ansi-styles": "^4.0.0", "string-width": "^4.1.0", "strip-ansi": "^6.0.0" } }, "sha512-YVGIj2kamLSTxw6NsZjoBxfSwsn0ycdesmc4p+Q21c5zPuZ1pl+NfxVdxPtdHvmNVOQ6XSYG4AUtyt/Fi7D16Q=="],

    "ws": ["ws@8.18.1", "", { "peerDependencies": { "bufferutil": "^4.0.1", "utf-8-validate": ">=5.0.2" }, "optionalPeers": ["bufferutil", "utf-8-validate"] }, "sha512-RKW2aJZMXeMxVpnZ6bck+RswznaxmzdULiBr6KY7XkTnW8uvt0iT9H5DkHUChXrc+uurzwa0rVI16n/Xzjdz1w=="],

    "y18n": ["y18n@5.0.8", "", {}, "sha512-0pfFzegeDWJHJIAmTLRP2DwHjdF5s7jo9tuztdQxAhINCdvS+3nGINqPd00AphqJR/0LhANUS6/+7SCb98YOfA=="],

    "yargs": ["yargs@17.7.2", "", { "dependencies": { "cliui": "^8.0.1", "escalade": "^3.1.1", "get-caller-file": "^2.0.5", "require-directory": "^2.1.1", "string-width": "^4.2.3", "y18n": "^5.0.5", "yargs-parser": "^21.1.1" } }, "sha512-7dSzzRQ++CKnNI/krKnYRV7JKKPUXMEh61soaHKg9mrWEhzFWhFnxPxGl+69cD1Ou63C13NUPCnmIcrvqCuM6w=="],

    "yargs-parser": ["yargs-parser@21.1.1", "", {}, "sha512-tVpsJW7DdjecAiFpbIB1e3qxIQsE6NoPc5/eTdrbbIC4h0LVsWhnoa3g+m2HclBIujHzsxZ4VJVA+GUuc2/LBw=="],

    "@polkadot/x-fetch/node-fetch": ["node-fetch@3.3.2", "", { "dependencies": { "data-uri-to-buffer": "^4.0.0", "fetch-blob": "^3.1.4", "formdata-polyfill": "^4.0.10" } }, "sha512-dRB78srN/l6gqWulah9SrxeYnxeddIG30+GOqK/9OlLVyLg3HPnr6SqOWTWOXKRwC2eGYCkZ59NNuSgvSrpgOA=="],

    "ansi-styles/color-convert": ["color-convert@2.0.1", "", { "dependencies": { "color-name": "~1.1.4" } }, "sha512-RRECPsj7iu/xb5oKYcsFHSppFNnsj/52OVTRKb4zP5onXwVF3zVmmToNcOfGC+CRDpfK/U584fMg38ZHCaElKQ=="],

    "color-string/color-name": ["color-name@1.1.4", "", {}, "sha512-dOy+3AuW3a2wNbZHIuMZpTcgjGuLU/uBL/ubcZF9OXbDo8ff4O8yVp5Bf0efS8uEoYo5q4Fx7dY9OgQGXgAsQA=="],

    "ansi-styles/color-convert/color-name": ["color-name@1.1.4", "", {}, "sha512-dOy+3AuW3a2wNbZHIuMZpTcgjGuLU/uBL/ubcZF9OXbDo8ff4O8yVp5Bf0efS8uEoYo5q4Fx7dY9OgQGXgAsQA=="],
  }
}
